
Microsoft Visual Studio Solution File, Format Version 12.00
# Visual Studio Version 17
VisualStudioVersion = 17.14.36811.4
MinimumVisualStudioVersion = 10.0.40219.1
Project("{FAE04EC0-301F-11D3-BF4B-00C04F79EFBC}") = "google_auth_practice_api", "google_auth_practice_api\google_auth_practice_api.csproj", "{20EA9EF5-F0A0-E576-026B-3BE82AADC24C}"
EndProject
Global
	GlobalSection(SolutionConfigurationPlatforms) = preSolution
		Debug|Any CPU = Debug|Any CPU
		Release|Any CPU = Release|Any CPU
	EndGlobalSection
	GlobalSection(ProjectConfigurationPlatforms) = postSolution
		{20EA9EF5-F0A0-E576-026B-3BE82AADC24C}.Debug|Any CPU.ActiveCfg = Debug|Any CPU
		{20EA9EF5-F0A0-E576-026B-3BE82AADC24C}.Debug|Any CPU.Build.0 = Debug|Any CPU
		{20EA9EF5-F0A0-E576-026B-3BE82AADC24C}.Release|Any CPU.ActiveCfg = Release|Any CPU
		{20EA9EF5-F0A0-E576-026B-3BE82AADC24C}.Release|Any CPU.Build.0 = Release|Any CPU
	EndGlobalSection
	GlobalSection(SolutionProperties) = preSolution
		HideSolutionNode = FALSE
	EndGlobalSection
	GlobalSection(ExtensibilityGlobals) = postSolution
		SolutionGuid = {90D4BAA2-61CF-4914-B3F3-03A518D69F19}
	EndGlobalSection
EndGlobal
